// !$*UTF8*$!
{
	archiveVersion = 1;
	classes = {
	};
	objectVersion = 77;
	objects = {

/* Begin PBXBuildFile section */
		4BE17EAC2D63A56A00CFF633 /* Preview Assets.xcassets in Resources */ = {isa = PBXBuildFile; fileRef = 4BE17EA62D63A56A00CFF633 /* Preview Assets.xcassets */; };
		4BE17EAD2D63A56A00CFF633 /* Assets.xcassets in Resources */ = {isa = PBXBuildFile; fileRef = 4BE17EA82D63A56A00CFF633 /* Assets.xcassets */; };
		4BE17EAE2D63A56A00CFF633 /* ContentView.swift in Sources */ = {isa = PBXBuildFile; fileRef = 4BE17EA92D63A56A00CFF633 /* ContentView.swift */; };
		4BE17EAF2D63A56A00CFF633 /* Twitter_CloneApp.swift in Sources */ = {isa = PBXBuildFile; fileRef = 4BE17EAA2D63A56A00CFF633 /* Twitter_CloneApp.swift */; };
		4BE17EBF2D63A67900CFF633 /* Home.swift in Sources */ = {isa = PBXBuildFile; fileRef = 4BE17EBE2D63A67900CFF633 /* Home.swift */; };
		4BE17EC12D63A7F000CFF633 /* ProfileView.swift in Sources */ = {isa = PBXBuildFile; fileRef = 4BE17EC02D63A7F000CFF633 /* ProfileView.swift */; };
		4BE17EC32D63AB6000CFF633 /* FeedView.swift in Sources */ = {isa = PBXBuildFile; fileRef = 4BE17EC22D63AB6000CFF633 /* FeedView.swift */; };
		4BE17EC52D63AB6E00CFF633 /* SearchView.swift in Sources */ = {isa = PBXBuildFile; fileRef = 4BE17EC42D63AB6E00CFF633 /* SearchView.swift */; };
		4BE17EC72D63AB7C00CFF633 /* NotificationsView.swift in Sources */ = {isa = PBXBuildFile; fileRef = 4BE17EC62D63AB7C00CFF633 /* NotificationsView.swift */; };
		4BE17EC92D63AB8600CFF633 /* MessagesView.swift in Sources */ = {isa = PBXBuildFile; fileRef = 4BE17EC82D63AB8600CFF633 /* MessagesView.swift */; };
		4BE17ECB2D63AB9D00CFF633 /* AuthenticationView.swift in Sources */ = {isa = PBXBuildFile; fileRef = 4BE17ECA2D63AB9D00CFF633 /* AuthenticationView.swift */; };
		4BE17ECD2D63B9E000CFF633 /* CreateTweetView.swift in Sources */ = {isa = PBXBuildFile; fileRef = 4BE17ECC2D63B9E000CFF633 /* CreateTweetView.swift */; };
		4BE17ED12D63BE9800CFF633 /* MultilineTextField.swift in Sources */ = {isa = PBXBuildFile; fileRef = 4BE17ED02D63BE9800CFF633 /* MultilineTextField.swift */; };
		4BE17ED32D63C30B00CFF633 /* TweetButtonView.swift in Sources */ = {isa = PBXBuildFile; fileRef = 4BE17ED22D63C30B00CFF633 /* TweetButtonView.swift */; };
		4BE17ED52D63C8A000CFF633 /* TweetCellView.swift in Sources */ = {isa = PBXBuildFile; fileRef = 4BE17ED42D63C8A000CFF633 /* TweetCellView.swift */; };
		4BE17ED72D64ECD900CFF633 /* BottomBarButtons.swift in Sources */ = {isa = PBXBuildFile; fileRef = 4BE17ED62D64ECD900CFF633 /* BottomBarButtons.swift */; };
		4BE17ED92D64F9D000CFF633 /* SearchCell.swift in Sources */ = {isa = PBXBuildFile; fileRef = 4BE17ED82D64F9D000CFF633 /* SearchCell.swift */; };
		4BE17EDB2D64FB1E00CFF633 /* SearchBar.swift in Sources */ = {isa = PBXBuildFile; fileRef = 4BE17EDA2D64FB1E00CFF633 /* SearchBar.swift */; };
		4BE17EDD2D66323500CFF633 /* SearchUserCell.swift in Sources */ = {isa = PBXBuildFile; fileRef = 4BE17EDC2D66323500CFF633 /* SearchUserCell.swift */; };
		4BE17EDF2D6634BA00CFF633 /* Extensions.swift in Sources */ = {isa = PBXBuildFile; fileRef = 4BE17EDE2D6634BA00CFF633 /* Extensions.swift */; };
		4BE17EE12D678C8C00CFF633 /* NotificationCell.swift in Sources */ = {isa = PBXBuildFile; fileRef = 4BE17EE02D678C8C00CFF633 /* NotificationCell.swift */; };
		4BE17EE32D6792DE00CFF633 /* MessageCell.swift in Sources */ = {isa = PBXBuildFile; fileRef = 4BE17EE22D6792DE00CFF633 /* MessageCell.swift */; };
/* End PBXBuildFile section */

/* Begin PBXFileReference section */
		4BE17E952D63A46100CFF633 /* Twitter-Clone.app */ = {isa = PBXFileReference; explicitFileType = wrapper.application; includeInIndex = 0; path = "Twitter-Clone.app"; sourceTree = BUILT_PRODUCTS_DIR; };
		4BE17EA62D63A56A00CFF633 /* Preview Assets.xcassets */ = {isa = PBXFileReference; lastKnownFileType = folder.assetcatalog; path = "Preview Assets.xcassets"; sourceTree = "<group>"; };
		4BE17EA82D63A56A00CFF633 /* Assets.xcassets */ = {isa = PBXFileReference; lastKnownFileType = folder.assetcatalog; path = Assets.xcassets; sourceTree = "<group>"; };
		4BE17EA92D63A56A00CFF633 /* ContentView.swift */ = {isa = PBXFileReference; lastKnownFileType = sourcecode.swift; path = ContentView.swift; sourceTree = "<group>"; };
		4BE17EAA2D63A56A00CFF633 /* Twitter_CloneApp.swift */ = {isa = PBXFileReference; lastKnownFileType = sourcecode.swift; path = Twitter_CloneApp.swift; sourceTree = "<group>"; };
		4BE17EBE2D63A67900CFF633 /* Home.swift */ = {isa = PBXFileReference; lastKnownFileType = sourcecode.swift; path = Home.swift; sourceTree = "<group>"; };
		4BE17EC02D63A7F000CFF633 /* ProfileView.swift */ = {isa = PBXFileReference; lastKnownFileType = sourcecode.swift; path = ProfileView.swift; sourceTree = "<group>"; };
		4BE17EC22D63AB6000CFF633 /* FeedView.swift */ = {isa = PBXFileReference; lastKnownFileType = sourcecode.swift; path = FeedView.swift; sourceTree = "<group>"; };
		4BE17EC42D63AB6E00CFF633 /* SearchView.swift */ = {isa = PBXFileReference; lastKnownFileType = sourcecode.swift; path = SearchView.swift; sourceTree = "<group>"; };
		4BE17EC62D63AB7C00CFF633 /* NotificationsView.swift */ = {isa = PBXFileReference; lastKnownFileType = sourcecode.swift; path = NotificationsView.swift; sourceTree = "<group>"; };
		4BE17EC82D63AB8600CFF633 /* MessagesView.swift */ = {isa = PBXFileReference; lastKnownFileType = sourcecode.swift; path = MessagesView.swift; sourceTree = "<group>"; };
		4BE17ECA2D63AB9D00CFF633 /* AuthenticationView.swift */ = {isa = PBXFileReference; lastKnownFileType = sourcecode.swift; path = AuthenticationView.swift; sourceTree = "<group>"; };
		4BE17ECC2D63B9E000CFF633 /* CreateTweetView.swift */ = {isa = PBXFileReference; lastKnownFileType = sourcecode.swift; path = CreateTweetView.swift; sourceTree = "<group>"; };
		4BE17ED02D63BE9800CFF633 /* MultilineTextField.swift */ = {isa = PBXFileReference; lastKnownFileType = sourcecode.swift; path = MultilineTextField.swift; sourceTree = "<group>"; };
		4BE17ED22D63C30B00CFF633 /* TweetButtonView.swift */ = {isa = PBXFileReference; lastKnownFileType = sourcecode.swift; path = TweetButtonView.swift; sourceTree = "<group>"; };
		4BE17ED42D63C8A000CFF633 /* TweetCellView.swift */ = {isa = PBXFileReference; lastKnownFileType = sourcecode.swift; path = TweetCellView.swift; sourceTree = "<group>"; };
		4BE17ED62D64ECD900CFF633 /* BottomBarButtons.swift */ = {isa = PBXFileReference; lastKnownFileType = sourcecode.swift; path = BottomBarButtons.swift; sourceTree = "<group>"; };
		4BE17ED82D64F9D000CFF633 /* SearchCell.swift */ = {isa = PBXFileReference; lastKnownFileType = sourcecode.swift; path = SearchCell.swift; sourceTree = "<group>"; };
		4BE17EDA2D64FB1E00CFF633 /* SearchBar.swift */ = {isa = PBXFileReference; lastKnownFileType = sourcecode.swift; path = SearchBar.swift; sourceTree = "<group>"; };
		4BE17EDC2D66323500CFF633 /* SearchUserCell.swift */ = {isa = PBXFileReference; lastKnownFileType = sourcecode.swift; path = SearchUserCell.swift; sourceTree = "<group>"; };
		4BE17EDE2D6634BA00CFF633 /* Extensions.swift */ = {isa = PBXFileReference; lastKnownFileType = sourcecode.swift; path = Extensions.swift; sourceTree = "<group>"; };
		4BE17EE02D678C8C00CFF633 /* NotificationCell.swift */ = {isa = PBXFileReference; lastKnownFileType = sourcecode.swift; path = NotificationCell.swift; sourceTree = "<group>"; };
		4BE17EE22D6792DE00CFF633 /* MessageCell.swift */ = {isa = PBXFileReference; lastKnownFileType = sourcecode.swift; path = MessageCell.swift; sourceTree = "<group>"; };
/* End PBXFileReference section */

/* Begin PBXFrameworksBuildPhase section */
		4BE17E922D63A46100CFF633 /* Frameworks */ = {
			isa = PBXFrameworksBuildPhase;
			buildActionMask = 2147483647;
			files = (
			);
			runOnlyForDeploymentPostprocessing = 0;
		};
/* End PBXFrameworksBuildPhase section */

/* Begin PBXGroup section */
		4BE17E8C2D63A46100CFF633 = {
			isa = PBXGroup;
			children = (
				4BE17EAB2D63A56A00CFF633 /* Twitter-Clone */,
				4BE17E962D63A46100CFF633 /* Products */,
			);
			sourceTree = "<group>";
		};
		4BE17E962D63A46100CFF633 /* Products */ = {
			isa = PBXGroup;
			children = (
				4BE17E952D63A46100CFF633 /* Twitter-Clone.app */,
			);
			name = Products;
			sourceTree = "<group>";
		};
		4BE17EA72D63A56A00CFF633 /* Preview Content */ = {
			isa = PBXGroup;
			children = (
				4BE17EA62D63A56A00CFF633 /* Preview Assets.xcassets */,
			);
			path = "Preview Content";
			sourceTree = "<group>";
		};
		4BE17EAB2D63A56A00CFF633 /* Twitter-Clone */ = {
			isa = PBXGroup;
			children = (
				4BE17EAA2D63A56A00CFF633 /* Twitter_CloneApp.swift */,
				4BE17EA92D63A56A00CFF633 /* ContentView.swift */,
				4BE17EB42D63A61B00CFF633 /* Services */,
				4BE17EB32D63A61400CFF633 /* Extensions */,
				4BE17EB22D63A60E00CFF633 /* ViewModel */,
				4BE17EB12D63A60900CFF633 /* View */,
				4BE17EB02D63A60000CFF633 /* Model */,
				4BE17EA72D63A56A00CFF633 /* Preview Content */,
				4BE17EA82D63A56A00CFF633 /* Assets.xcassets */,
			);
			path = "Twitter-Clone";
			sourceTree = "<group>";
		};
		4BE17EB02D63A60000CFF633 /* Model */ = {
			isa = PBXGroup;
			children = (
			);
			path = Model;
			sourceTree = "<group>";
		};
		4BE17EB12D63A60900CFF633 /* View */ = {
			isa = PBXGroup;
			children = (
				4BE17EBD2D63A66A00CFF633 /* Main */,
				4BE17EBC2D63A66600CFF633 /* Feed */,
				4BE17EBB2D63A65D00CFF633 /* Search */,
				4BE17EBA2D63A65200CFF633 /* Notifications */,
				4BE17EB92D63A64B00CFF633 /* Messages */,
				4BE17EB82D63A63E00CFF633 /* Authentication */,
				4BE17EB72D63A63900CFF633 /* Items */,
				4BE17EB62D63A63100CFF633 /* Post */,
				4BE17EB52D63A62B00CFF633 /* Profile */,
			);
			path = View;
			sourceTree = "<group>";
		};
		4BE17EB22D63A60E00CFF633 /* ViewModel */ = {
			isa = PBXGroup;
			children = (
			);
			path = ViewModel;
			sourceTree = "<group>";
		};
		4BE17EB32D63A61400CFF633 /* Extensions */ = {
			isa = PBXGroup;
			children = (
				4BE17EDE2D6634BA00CFF633 /* Extensions.swift */,
			);
			path = Extensions;
			sourceTree = "<group>";
		};
		4BE17EB42D63A61B00CFF633 /* Services */ = {
			isa = PBXGroup;
			children = (
			);
			path = Services;
			sourceTree = "<group>";
		};
		4BE17EB52D63A62B00CFF633 /* Profile */ = {
			isa = PBXGroup;
			children = (
				4BE17EC02D63A7F000CFF633 /* ProfileView.swift */,
			);
			path = Profile;
			sourceTree = "<group>";
		};
		4BE17EB62D63A63100CFF633 /* Post */ = {
			isa = PBXGroup;
			children = (
				4BE17ED22D63C30B00CFF633 /* TweetButtonView.swift */,
				4BE17ECC2D63B9E000CFF633 /* CreateTweetView.swift */,
			);
			path = Post;
			sourceTree = "<group>";
		};
		4BE17EB72D63A63900CFF633 /* Items */ = {
			isa = PBXGroup;
			children = (
				4BE17ED02D63BE9800CFF633 /* MultilineTextField.swift */,
				4BE17EDA2D64FB1E00CFF633 /* SearchBar.swift */,
			);
			path = Items;
			sourceTree = "<group>";
		};
		4BE17EB82D63A63E00CFF633 /* Authentication */ = {
			isa = PBXGroup;
			children = (
				4BE17ECA2D63AB9D00CFF633 /* AuthenticationView.swift */,
			);
			path = Authentication;
			sourceTree = "<group>";
		};
		4BE17EB92D63A64B00CFF633 /* Messages */ = {
			isa = PBXGroup;
			children = (
				4BE17EC82D63AB8600CFF633 /* MessagesView.swift */,
				4BE17EE22D6792DE00CFF633 /* MessageCell.swift */,
			);
			path = Messages;
			sourceTree = "<group>";
		};
		4BE17EBA2D63A65200CFF633 /* Notifications */ = {
			isa = PBXGroup;
			children = (
				4BE17EC62D63AB7C00CFF633 /* NotificationsView.swift */,
				4BE17EE02D678C8C00CFF633 /* NotificationCell.swift */,
			);
			path = Notifications;
			sourceTree = "<group>";
		};
		4BE17EBB2D63A65D00CFF633 /* Search */ = {
			isa = PBXGroup;
			children = (
				4BE17EC42D63AB6E00CFF633 /* SearchView.swift */,
				4BE17ED82D64F9D000CFF633 /* SearchCell.swift */,
				4BE17EDC2D66323500CFF633 /* SearchUserCell.swift */,
			);
			path = Search;
			sourceTree = "<group>";
		};
		4BE17EBC2D63A66600CFF633 /* Feed */ = {
			isa = PBXGroup;
			children = (
				4BE17EC22D63AB6000CFF633 /* FeedView.swift */,
				4BE17ED42D63C8A000CFF633 /* TweetCellView.swift */,
				4BE17ED62D64ECD900CFF633 /* BottomBarButtons.swift */,
			);
			path = Feed;
			sourceTree = "<group>";
		};
		4BE17EBD2D63A66A00CFF633 /* Main */ = {
			isa = PBXGroup;
			children = (
				4BE17EBE2D63A67900CFF633 /* Home.swift */,
			);
			path = Main;
			sourceTree = "<group>";
		};
/* End PBXGroup section */

/* Begin PBXNativeTarget section */
		4BE17E942D63A46100CFF633 /* Twitter-Clone */ = {
			isa = PBXNativeTarget;
			buildConfigurationList = 4BE17EA32D63A46300CFF633 /* Build configuration list for PBXNativeTarget "Twitter-Clone" */;
			buildPhases = (
				4BE17E912D63A46100CFF633 /* Sources */,
				4BE17E922D63A46100CFF633 /* Frameworks */,
				4BE17E932D63A46100CFF633 /* Resources */,
			);
			buildRules = (
			);
			dependencies = (
			);
			name = "Twitter-Clone";
			packageProductDependencies = (
			);
			productName = "Twitter-Clone";
			productReference = 4BE17E952D63A46100CFF633 /* Twitter-Clone.app */;
			productType = "com.apple.product-type.application";
		};
/* End PBXNativeTarget section */

/* Begin PBXProject section */
		4BE17E8D2D63A46100CFF633 /* Project object */ = {
			isa = PBXProject;
			attributes = {
				BuildIndependentTargetsInParallel = 1;
				LastSwiftUpdateCheck = 1620;
				LastUpgradeCheck = 1620;
				TargetAttributes = {
					4BE17E942D63A46100CFF633 = {
						CreatedOnToolsVersion = 16.2;
					};
				};
			};
			buildConfigurationList = 4BE17E902D63A46100CFF633 /* Build configuration list for PBXProject "Twitter-Clone" */;
			developmentRegion = en;
			hasScannedForEncodings = 0;
			knownRegions = (
				en,
				Base,
			);
			mainGroup = 4BE17E8C2D63A46100CFF633;
			minimizedProjectReferenceProxies = 1;
			preferredProjectObjectVersion = 77;
			productRefGroup = 4BE17E962D63A46100CFF633 /* Products */;
			projectDirPath = "";
			projectRoot = "";
			targets = (
				4BE17E942D63A46100CFF633 /* Twitter-Clone */,
			);
		};
/* End PBXProject section */

/* Begin PBXResourcesBuildPhase section */
		4BE17E932D63A46100CFF633 /* Resources */ = {
			isa = PBXResourcesBuildPhase;
			buildActionMask = 2147483647;
			files = (
				4BE17EAC2D63A56A00CFF633 /* Preview Assets.xcassets in Resources */,
				4BE17EAD2D63A56A00CFF633 /* Assets.xcassets in Resources */,
			);
			runOnlyForDeploymentPostprocessing = 0;
		};
/* End PBXResourcesBuildPhase section */

/* Begin PBXSourcesBuildPhase section */
		4BE17E912D63A46100CFF633 /* Sources */ = {
			isa = PBXSourcesBuildPhase;
			buildActionMask = 2147483647;
			files = (
				4BE17EC92D63AB8600CFF633 /* MessagesView.swift in Sources */,
				4BE17EE32D6792DE00CFF633 /* MessageCell.swift in Sources */,
				4BE17EDF2D6634BA00CFF633 /* Extensions.swift in Sources */,
				4BE17ED92D64F9D000CFF633 /* SearchCell.swift in Sources */,
				4BE17EC32D63AB6000CFF633 /* FeedView.swift in Sources */,
				4BE17EC12D63A7F000CFF633 /* ProfileView.swift in Sources */,
				4BE17EAE2D63A56A00CFF633 /* ContentView.swift in Sources */,
				4BE17EDB2D64FB1E00CFF633 /* SearchBar.swift in Sources */,
				4BE17EE12D678C8C00CFF633 /* NotificationCell.swift in Sources */,
				4BE17EBF2D63A67900CFF633 /* Home.swift in Sources */,
				4BE17EDD2D66323500CFF633 /* SearchUserCell.swift in Sources */,
				4BE17ECB2D63AB9D00CFF633 /* AuthenticationView.swift in Sources */,
				4BE17ED72D64ECD900CFF633 /* BottomBarButtons.swift in Sources */,
				4BE17EC52D63AB6E00CFF633 /* SearchView.swift in Sources */,
				4BE17EAF2D63A56A00CFF633 /* Twitter_CloneApp.swift in Sources */,
				4BE17ED32D63C30B00CFF633 /* TweetButtonView.swift in Sources */,
				4BE17ECD2D63B9E000CFF633 /* CreateTweetView.swift in Sources */,
				4BE17EC72D63AB7C00CFF633 /* NotificationsView.swift in Sources */,
				4BE17ED52D63C8A000CFF633 /* TweetCellView.swift in Sources */,
				4BE17ED12D63BE9800CFF633 /* MultilineTextField.swift in Sources */,
			);
			runOnlyForDeploymentPostprocessing = 0;
		};
/* End PBXSourcesBuildPhase section */

/* Begin XCBuildConfiguration section */
		4BE17EA12D63A46300CFF633 /* Debug */ = {
			isa = XCBuildConfiguration;
			buildSettings = {
				ALWAYS_SEARCH_USER_PATHS = NO;
				ASSETCATALOG_COMPILER_GENERATE_SWIFT_ASSET_SYMBOL_EXTENSIONS = YES;
				CLANG_ANALYZER_NONNULL = YES;
				CLANG_ANALYZER_NUMBER_OBJECT_CONVERSION = YES_AGGRESSIVE;
				CLANG_CXX_LANGUAGE_STANDARD = "gnu++20";
				CLANG_ENABLE_MODULES = YES;
				CLANG_ENABLE_OBJC_ARC = YES;
				CLANG_ENABLE_OBJC_WEAK = YES;
				CLANG_WARN_BLOCK_CAPTURE_AUTORELEASING = YES;
				CLANG_WARN_BOOL_CONVERSION = YES;
				CLANG_WARN_COMMA = YES;
				CLANG_WARN_CONSTANT_CONVERSION = YES;
				CLANG_WARN_DEPRECATED_OBJC_IMPLEMENTATIONS = YES;
				CLANG_WARN_DIRECT_OBJC_ISA_USAGE = YES_ERROR;
				CLANG_WARN_DOCUMENTATION_COMMENTS = YES;
				CLANG_WARN_EMPTY_BODY = YES;
				CLANG_WARN_ENUM_CONVERSION = YES;
				CLANG_WARN_INFINITE_RECURSION = YES;
				CLANG_WARN_INT_CONVERSION = YES;
				CLANG_WARN_NON_LITERAL_NULL_CONVERSION = YES;
				CLANG_WARN_OBJC_IMPLICIT_RETAIN_SELF = YES;
				CLANG_WARN_OBJC_LITERAL_CONVERSION = YES;
				CLANG_WARN_OBJC_ROOT_CLASS = YES_ERROR;
				CLANG_WARN_QUOTED_INCLUDE_IN_FRAMEWORK_HEADER = YES;
				CLANG_WARN_RANGE_LOOP_ANALYSIS = YES;
				CLANG_WARN_STRICT_PROTOTYPES = YES;
				CLANG_WARN_SUSPICIOUS_MOVE = YES;
				CLANG_WARN_UNGUARDED_AVAILABILITY = YES_AGGRESSIVE;
				CLANG_WARN_UNREACHABLE_CODE = YES;
				CLANG_WARN__DUPLICATE_METHOD_MATCH = YES;
				COPY_PHASE_STRIP = NO;
				DEBUG_INFORMATION_FORMAT = dwarf;
				ENABLE_STRICT_OBJC_MSGSEND = YES;
				ENABLE_TESTABILITY = YES;
				ENABLE_USER_SCRIPT_SANDBOXING = YES;
				GCC_C_LANGUAGE_STANDARD = gnu17;
				GCC_DYNAMIC_NO_PIC = NO;
				GCC_NO_COMMON_BLOCKS = YES;
				GCC_OPTIMIZATION_LEVEL = 0;
				GCC_PREPROCESSOR_DEFINITIONS = (
					"DEBUG=1",
					"$(inherited)",
				);
				GCC_WARN_64_TO_32_BIT_CONVERSION = YES;
				GCC_WARN_ABOUT_RETURN_TYPE = YES_ERROR;
				GCC_WARN_UNDECLARED_SELECTOR = YES;
				GCC_WARN_UNINITIALIZED_AUTOS = YES_AGGRESSIVE;
				GCC_WARN_UNUSED_FUNCTION = YES;
				GCC_WARN_UNUSED_VARIABLE = YES;
				IPHONEOS_DEPLOYMENT_TARGET = 18.2;
				LOCALIZATION_PREFERS_STRING_CATALOGS = YES;
				MTL_ENABLE_DEBUG_INFO = INCLUDE_SOURCE;
				MTL_FAST_MATH = YES;
				ONLY_ACTIVE_ARCH = YES;
				SDKROOT = iphoneos;
				SWIFT_ACTIVE_COMPILATION_CONDITIONS = "DEBUG $(inherited)";
				SWIFT_OPTIMIZATION_LEVEL = "-Onone";
			};
			name = Debug;
		};
		4BE17EA22D63A46300CFF633 /* Release */ = {
			isa = XCBuildConfiguration;
			buildSettings = {
				ALWAYS_SEARCH_USER_PATHS = NO;
				ASSETCATALOG_COMPILER_GENERATE_SWIFT_ASSET_SYMBOL_EXTENSIONS = YES;
				CLANG_ANALYZER_NONNULL = YES;
				CLANG_ANALYZER_NUMBER_OBJECT_CONVERSION = YES_AGGRESSIVE;
				CLANG_CXX_LANGUAGE_STANDARD = "gnu++20";
				CLANG_ENABLE_MODULES = YES;
				CLANG_ENABLE_OBJC_ARC = YES;
				CLANG_ENABLE_OBJC_WEAK = YES;
				CLANG_WARN_BLOCK_CAPTURE_AUTORELEASING = YES;
				CLANG_WARN_BOOL_CONVERSION = YES;
				CLANG_WARN_COMMA = YES;
				CLANG_WARN_CONSTANT_CONVERSION = YES;
				CLANG_WARN_DEPRECATED_OBJC_IMPLEMENTATIONS = YES;
				CLANG_WARN_DIRECT_OBJC_ISA_USAGE = YES_ERROR;
				CLANG_WARN_DOCUMENTATION_COMMENTS = YES;
				CLANG_WARN_EMPTY_BODY = YES;
				CLANG_WARN_ENUM_CONVERSION = YES;
				CLANG_WARN_INFINITE_RECURSION = YES;
				CLANG_WARN_INT_CONVERSION = YES;
				CLANG_WARN_NON_LITERAL_NULL_CONVERSION = YES;
				CLANG_WARN_OBJC_IMPLICIT_RETAIN_SELF = YES;
				CLANG_WARN_OBJC_LITERAL_CONVERSION = YES;
				CLANG_WARN_OBJC_ROOT_CLASS = YES_ERROR;
				CLANG_WARN_QUOTED_INCLUDE_IN_FRAMEWORK_HEADER = YES;
				CLANG_WARN_RANGE_LOOP_ANALYSIS = YES;
				CLANG_WARN_STRICT_PROTOTYPES = YES;
				CLANG_WARN_SUSPICIOUS_MOVE = YES;
				CLANG_WARN_UNGUARDED_AVAILABILITY = YES_AGGRESSIVE;
				CLANG_WARN_UNREACHABLE_CODE = YES;
				CLANG_WARN__DUPLICATE_METHOD_MATCH = YES;
				COPY_PHASE_STRIP = NO;
				DEBUG_INFORMATION_FORMAT = "dwarf-with-dsym";
				ENABLE_NS_ASSERTIONS = NO;
				ENABLE_STRICT_OBJC_MSGSEND = YES;
				ENABLE_USER_SCRIPT_SANDBOXING = YES;
				GCC_C_LANGUAGE_STANDARD = gnu17;
				GCC_NO_COMMON_BLOCKS = YES;
				GCC_WARN_64_TO_32_BIT_CONVERSION = YES;
				GCC_WARN_ABOUT_RETURN_TYPE = YES_ERROR;
				GCC_WARN_UNDECLARED_SELECTOR = YES;
				GCC_WARN_UNINITIALIZED_AUTOS = YES_AGGRESSIVE;
				GCC_WARN_UNUSED_FUNCTION = YES;
				GCC_WARN_UNUSED_VARIABLE = YES;
				IPHONEOS_DEPLOYMENT_TARGET = 18.2;
				LOCALIZATION_PREFERS_STRING_CATALOGS = YES;
				MTL_ENABLE_DEBUG_INFO = NO;
				MTL_FAST_MATH = YES;
				SDKROOT = iphoneos;
				SWIFT_COMPILATION_MODE = wholemodule;
				VALIDATE_PRODUCT = YES;
			};
			name = Release;
		};
		4BE17EA42D63A46300CFF633 /* Debug */ = {
			isa = XCBuildConfiguration;
			buildSettings = {
				ASSETCATALOG_COMPILER_APPICON_NAME = AppIcon;
				ASSETCATALOG_COMPILER_GLOBAL_ACCENT_COLOR_NAME = AccentColor;
				CODE_SIGN_STYLE = Automatic;
				CURRENT_PROJECT_VERSION = 1;
				DEVELOPMENT_ASSET_PATHS = "\"Twitter-Clone/Preview Content\"";
				DEVELOPMENT_TEAM = QT3T249ZHN;
				ENABLE_PREVIEWS = YES;
				GENERATE_INFOPLIST_FILE = YES;
				INFOPLIST_KEY_UIApplicationSceneManifest_Generation = YES;
				INFOPLIST_KEY_UIApplicationSupportsIndirectInputEvents = YES;
				INFOPLIST_KEY_UILaunchScreen_Generation = YES;
				INFOPLIST_KEY_UISupportedInterfaceOrientations_iPad = "UIInterfaceOrientationPortrait UIInterfaceOrientationPortraitUpsideDown UIInterfaceOrientationLandscapeLeft UIInterfaceOrientationLandscapeRight";
				INFOPLIST_KEY_UISupportedInterfaceOrientations_iPhone = "UIInterfaceOrientationPortrait UIInterfaceOrientationLandscapeLeft UIInterfaceOrientationLandscapeRight";
				LD_RUNPATH_SEARCH_PATHS = (
					"$(inherited)",
					"@executable_path/Frameworks",
				);
				MARKETING_VERSION = 1.0;
				PRODUCT_BUNDLE_IDENTIFIER = "twitterclone.Twitter-Clone";
				PRODUCT_NAME = "$(TARGET_NAME)";
				SWIFT_EMIT_LOC_STRINGS = YES;
				SWIFT_VERSION = 5.0;
				TARGETED_DEVICE_FAMILY = "1,2";
			};
			name = Debug;
		};
		4BE17EA52D63A46300CFF633 /* Release */ = {
			isa = XCBuildConfiguration;
			buildSettings = {
				ASSETCATALOG_COMPILER_APPICON_NAME = AppIcon;
				ASSETCATALOG_COMPILER_GLOBAL_ACCENT_COLOR_NAME = AccentColor;
				CODE_SIGN_STYLE = Automatic;
				CURRENT_PROJECT_VERSION = 1;
				DEVELOPMENT_ASSET_PATHS = "\"Twitter-Clone/Preview Content\"";
				DEVELOPMENT_TEAM = QT3T249ZHN;
				ENABLE_PREVIEWS = YES;
				GENERATE_INFOPLIST_FILE = YES;
				INFOPLIST_KEY_UIApplicationSceneManifest_Generation = YES;
				INFOPLIST_KEY_UIApplicationSupportsIndirectInputEvents = YES;
				INFOPLIST_KEY_UILaunchScreen_Generation = YES;
				INFOPLIST_KEY_UISupportedInterfaceOrientations_iPad = "UIInterfaceOrientationPortrait UIInterfaceOrientationPortraitUpsideDown UIInterfaceOrientationLandscapeLeft UIInterfaceOrientationLandscapeRight";
				INFOPLIST_KEY_UISupportedInterfaceOrientations_iPhone = "UIInterfaceOrientationPortrait UIInterfaceOrientationLandscapeLeft UIInterfaceOrientationLandscapeRight";
				LD_RUNPATH_SEARCH_PATHS = (
					"$(inherited)",
					"@executable_path/Frameworks",
				);
				MARKETING_VERSION = 1.0;
				PRODUCT_BUNDLE_IDENTIFIER = "twitterclone.Twitter-Clone";
				PRODUCT_NAME = "$(TARGET_NAME)";
				SWIFT_EMIT_LOC_STRINGS = YES;
				SWIFT_VERSION = 5.0;
				TARGETED_DEVICE_FAMILY = "1,2";
			};
			name = Release;
		};
/* End XCBuildConfiguration section */

/* Begin XCConfigurationList section */
		4BE17E902D63A46100CFF633 /* Build configuration list for PBXProject "Twitter-Clone" */ = {
			isa = XCConfigurationList;
			buildConfigurations = (
				4BE17EA12D63A46300CFF633 /* Debug */,
				4BE17EA22D63A46300CFF633 /* Release */,
			);
			defaultConfigurationIsVisible = 0;
			defaultConfigurationName = Release;
		};
		4BE17EA32D63A46300CFF633 /* Build configuration list for PBXNativeTarget "Twitter-Clone" */ = {
			isa = XCConfigurationList;
			buildConfigurations = (
				4BE17EA42D63A46300CFF633 /* Debug */,
				4BE17EA52D63A46300CFF633 /* Release */,
			);
			defaultConfigurationIsVisible = 0;
			defaultConfigurationName = Release;
		};
/* End XCConfigurationList section */
	};
	rootObject = 4BE17E8D2D63A46100CFF633 /* Project object */;
}
